
Microsoft Visual Studio Solution File, Format Version 12.00
# Visual Studio Version 16
VisualStudioVersion = 16.0.30611.23
MinimumVisualStudioVersion = 10.0.40219.1
Project("{FAE04EC0-301F-11D3-BF4B-00C04F79EFBC}") = "Task1", "Task1\Task1.csproj", "{FF7AA7A4-41C9-40FA-94A5-9F36051D8C95}"
EndProject
Global
	GlobalSection(SolutionConfigurationPlatforms) = preSolution
		Debug|Any CPU = Debug|Any CPU
		Release|Any CPU = Release|Any CPU
	EndGlobalSection
	GlobalSection(ProjectConfigurationPlatforms) = postSolution
		{FF7AA7A4-41C9-40FA-94A5-9F36051D8C95}.Debug|Any CPU.ActiveCfg = Debug|Any CPU
		{FF7AA7A4-41C9-40FA-94A5-9F36051D8C95}.Debug|Any CPU.Build.0 = Debug|Any CPU
		{FF7AA7A4-41C9-40FA-94A5-9F36051D8C95}.Release|Any CPU.ActiveCfg = Release|Any CPU
		{FF7AA7A4-41C9-40FA-94A5-9F36051D8C95}.Release|Any CPU.Build.0 = Release|Any CPU
	EndGlobalSection
	GlobalSection(SolutionProperties) = preSolution
		HideSolutionNode = FALSE
	EndGlobalSection
	GlobalSection(ExtensibilityGlobals) = postSolution
		SolutionGuid = {0E76BF8C-8C6F-4254-9AC4-2D3324DFF6E2}
	EndGlobalSection
EndGlobal
